
Microsoft Visual Studio Solution File, Format Version 12.00
# Visual Studio Version 16
VisualStudioVersion = 16.0.31005.135
MinimumVisualStudioVersion = 10.0.40219.1
Project("{FAE04EC0-301F-11D3-BF4B-00C04F79EFBC}") = "Enigma2.0", "Enigma2.0.csproj", "{49ED730E-39BD-42A6-99E3-37EE30B78324}"
EndProject
Global
	GlobalSection(SolutionConfigurationPlatforms) = preSolution
		Debug|Any CPU = Debug|Any CPU
		Release|Any CPU = Release|Any CPU
	EndGlobalSection
	GlobalSection(ProjectConfigurationPlatforms) = postSolution
		{49ED730E-39BD-42A6-99E3-37EE30B78324}.Debug|Any CPU.ActiveCfg = Debug|Any CPU
		{49ED730E-39BD-42A6-99E3-37EE30B78324}.Debug|Any CPU.Build.0 = Debug|Any CPU
		{49ED730E-39BD-42A6-99E3-37EE30B78324}.Release|Any CPU.ActiveCfg = Release|Any CPU
		{49ED730E-39BD-42A6-99E3-37EE30B78324}.Release|Any CPU.Build.0 = Release|Any CPU
	EndGlobalSection
	GlobalSection(SolutionProperties) = preSolution
		HideSolutionNode = FALSE
	EndGlobalSection
	GlobalSection(ExtensibilityGlobals) = postSolution
		SolutionGuid = {CABFF312-3E9D-4C01-A95F-75EBAFC86D9D}
	EndGlobalSection
EndGlobal
